
Microsoft Visual Studio Solution File, Format Version 12.00
# Visual Studio 2013
VisualStudioVersion = 12.0.30501.0
MinimumVisualStudioVersion = 10.0.40219.1
Project("{FAE04EC0-301F-11D3-BF4B-00C04F79EFBC}") = "BuildingThemes", "BuildingThemes\BuildingThemes.csproj", "{B24A1067-194C-46C4-97B5-D351EB0EAECA}"
EndProject
Global
	GlobalSection(SolutionConfigurationPlatforms) = preSolution
		Debug|Any CPU = Debug|Any CPU
		Release|Any CPU = Release|Any CPU
	EndGlobalSection
	GlobalSection(ProjectConfigurationPlatforms) = postSolution
		{B24A1067-194C-46C4-97B5-D351EB0EAECA}.Debug|Any CPU.ActiveCfg = Debug|Any CPU
		{B24A1067-194C-46C4-97B5-D351EB0EAECA}.Debug|Any CPU.Build.0 = Debug|Any CPU
		{B24A1067-194C-46C4-97B5-D351EB0EAECA}.Release|Any CPU.ActiveCfg = Release|Any CPU
		{B24A1067-194C-46C4-97B5-D351EB0EAECA}.Release|Any CPU.Build.0 = Release|Any CPU
	EndGlobalSection
	GlobalSection(SolutionProperties) = preSolution
		HideSolutionNode = FALSE
	EndGlobalSection
EndGlobal
